
Microsoft Visual Studio Solution File, Format Version 12.00
# Visual Studio Version 17
VisualStudioVersion = 17.4.33213.308
MinimumVisualStudioVersion = 10.0.40219.1
Project("{9A19103F-16F7-4668-BE54-9A1E7A4F7556}") = "SmartTicketApi", "SmartTicketApi\SmartTicketApi.csproj", "{861597D4-4E6C-42F9-8305-4E8C21632D09}"
EndProject
Project("{2150E333-8FDC-42A3-9474-1A3956D46DE8}") = "Solution Items", "Solution Items", "{CEDB7E3D-4328-4245-8BFD-B0136E5AD219}"
	ProjectSection(SolutionItems) = preProject
		.editorconfig = .editorconfig
	EndProjectSection
EndProject
Global
	GlobalSection(SolutionConfigurationPlatforms) = preSolution
		Debug|Any CPU = Debug|Any CPU
		Release|Any CPU = Release|Any CPU
	EndGlobalSection
	GlobalSection(ProjectConfigurationPlatforms) = postSolution
		{861597D4-4E6C-42F9-8305-4E8C21632D09}.Debug|Any CPU.ActiveCfg = Debug|Any CPU
		{861597D4-4E6C-42F9-8305-4E8C21632D09}.Debug|Any CPU.Build.0 = Debug|Any CPU
		{861597D4-4E6C-42F9-8305-4E8C21632D09}.Release|Any CPU.ActiveCfg = Release|Any CPU
		{861597D4-4E6C-42F9-8305-4E8C21632D09}.Release|Any CPU.Build.0 = Release|Any CPU
	EndGlobalSection
	GlobalSection(SolutionProperties) = preSolution
		HideSolutionNode = FALSE
	EndGlobalSection
	GlobalSection(ExtensibilityGlobals) = postSolution
		SolutionGuid = {72C1B865-6F8D-45AA-AEEE-AE742C6D6C4F}
	EndGlobalSection
EndGlobal
